
Microsoft Visual Studio Solution File, Format Version 12.00
# Visual Studio Version 17
VisualStudioVersion = 17.3.32922.545
MinimumVisualStudioVersion = 10.0.40219.1
Project("{FAE04EC0-301F-11D3-BF4B-00C04F79EFBC}") = "BlazorRepo", "BlazorRepo.csproj", "{4661D1C5-9D59-4831-ADA4-FA0126DABFE5}"
EndProject
Global
	GlobalSection(SolutionConfigurationPlatforms) = preSolution
		Debug|Any CPU = Debug|Any CPU
		Release|Any CPU = Release|Any CPU
	EndGlobalSection
	GlobalSection(ProjectConfigurationPlatforms) = postSolution
		{4661D1C5-9D59-4831-ADA4-FA0126DABFE5}.Debug|Any CPU.ActiveCfg = Debug|Any CPU
		{4661D1C5-9D59-4831-ADA4-FA0126DABFE5}.Debug|Any CPU.Build.0 = Debug|Any CPU
		{4661D1C5-9D59-4831-ADA4-FA0126DABFE5}.Release|Any CPU.ActiveCfg = Release|Any CPU
		{4661D1C5-9D59-4831-ADA4-FA0126DABFE5}.Release|Any CPU.Build.0 = Release|Any CPU
	EndGlobalSection
	GlobalSection(SolutionProperties) = preSolution
		HideSolutionNode = FALSE
	EndGlobalSection
	GlobalSection(ExtensibilityGlobals) = postSolution
		SolutionGuid = {89C98FE6-34F8-4FE9-BF51-6F46E13027C0}
	EndGlobalSection
EndGlobal
